<Project xmlns="http://schemas.microsoft.com/developer/msbuild/2003">
    <PropertyGroup>
        <ProjectGuid>{EDA5B84B-7D45-478B-A75C-DA65C6591B6A}</ProjectGuid>
        <MainSource>IndyProtocols.dpk</MainSource>
        <Base>True</Base>
        <Config Condition="'$(Config)'==''">Debug</Config>
        <TargetedPlatforms>3</TargetedPlatforms>
        <AppType>Package</AppType>
        <FrameworkType>None</FrameworkType>
        <ProjectVersion>20.1</ProjectVersion>
        <Platform Condition="'$(Platform)'==''">Win32</Platform>
        <ProjectName Condition="'$(ProjectName)'==''">IndyProtocols</ProjectName>
    </PropertyGroup>
    <PropertyGroup Condition="'$(Config)'=='Base' or '$(Base)'!=''">
        <Base>true</Base>
    </PropertyGroup>
    <PropertyGroup Condition="('$(Platform)'=='Android' and '$(Base)'=='true') or '$(Base_Android)'!=''">
        <Base_Android>true</Base_Android>
        <CfgParent>Base</CfgParent>
        <Base>true</Base>
    </PropertyGroup>
    <PropertyGroup Condition="('$(Platform)'=='Android64' and '$(Base)'=='true') or '$(Base_Android64)'!=''">
        <Base_Android64>true</Base_Android64>
        <CfgParent>Base</CfgParent>
        <Base>true</Base>
    </PropertyGroup>
    <PropertyGroup Condition="('$(Platform)'=='iOSDevice64' and '$(Base)'=='true') or '$(Base_iOSDevice64)'!=''">
        <Base_iOSDevice64>true</Base_iOSDevice64>
        <CfgParent>Base</CfgParent>
        <Base>true</Base>
    </PropertyGroup>
    <PropertyGroup Condition="('$(Platform)'=='iOSSimARM64' and '$(Base)'=='true') or '$(Base_iOSSimARM64)'!=''">
        <Base_iOSSimARM64>true</Base_iOSSimARM64>
        <CfgParent>Base</CfgParent>
        <Base>true</Base>
    </PropertyGroup>
    <PropertyGroup Condition="('$(Platform)'=='OSX64' and '$(Base)'=='true') or '$(Base_OSX64)'!=''">
        <Base_OSX64>true</Base_OSX64>
        <CfgParent>Base</CfgParent>
        <Base>true</Base>
    </PropertyGroup>
    <PropertyGroup Condition="('$(Platform)'=='OSXARM64' and '$(Base)'=='true') or '$(Base_OSXARM64)'!=''">
        <Base_OSXARM64>true</Base_OSXARM64>
        <CfgParent>Base</CfgParent>
        <Base>true</Base>
    </PropertyGroup>
    <PropertyGroup Condition="('$(Platform)'=='Win32' and '$(Base)'=='true') or '$(Base_Win32)'!=''">
        <Base_Win32>true</Base_Win32>
        <CfgParent>Base</CfgParent>
        <Base>true</Base>
    </PropertyGroup>
    <PropertyGroup Condition="('$(Platform)'=='Win64' and '$(Base)'=='true') or '$(Base_Win64)'!=''">
        <Base_Win64>true</Base_Win64>
        <CfgParent>Base</CfgParent>
        <Base>true</Base>
    </PropertyGroup>
    <PropertyGroup Condition="('$(Platform)'=='Win64x' and '$(Base)'=='true') or '$(Base_Win64x)'!=''">
        <Base_Win64x>true</Base_Win64x>
        <CfgParent>Base</CfgParent>
        <Base>true</Base>
    </PropertyGroup>
    <PropertyGroup Condition="'$(Config)'=='Release' or '$(Cfg_1)'!=''">
        <Cfg_1>true</Cfg_1>
        <CfgParent>Base</CfgParent>
        <Base>true</Base>
    </PropertyGroup>
    <PropertyGroup Condition="'$(Config)'=='Debug' or '$(Cfg_2)'!=''">
        <Cfg_2>true</Cfg_2>
        <CfgParent>Base</CfgParent>
        <Base>true</Base>
    </PropertyGroup>
    <PropertyGroup Condition="('$(Platform)'=='iOSDevice64' and '$(Cfg_2)'=='true') or '$(Cfg_2_iOSDevice64)'!=''">
        <Cfg_2_iOSDevice64>true</Cfg_2_iOSDevice64>
        <CfgParent>Cfg_2</CfgParent>
        <Cfg_2>true</Cfg_2>
        <Base>true</Base>
    </PropertyGroup>
    <PropertyGroup Condition="('$(Platform)'=='iOSSimARM64' and '$(Cfg_2)'=='true') or '$(Cfg_2_iOSSimARM64)'!=''">
        <Cfg_2_iOSSimARM64>true</Cfg_2_iOSSimARM64>
        <CfgParent>Cfg_2</CfgParent>
        <Cfg_2>true</Cfg_2>
        <Base>true</Base>
    </PropertyGroup>
    <PropertyGroup Condition="('$(Platform)'=='OSX64' and '$(Cfg_2)'=='true') or '$(Cfg_2_OSX64)'!=''">
        <Cfg_2_OSX64>true</Cfg_2_OSX64>
        <CfgParent>Cfg_2</CfgParent>
        <Cfg_2>true</Cfg_2>
        <Base>true</Base>
    </PropertyGroup>
    <PropertyGroup Condition="('$(Platform)'=='OSXARM64' and '$(Cfg_2)'=='true') or '$(Cfg_2_OSXARM64)'!=''">
        <Cfg_2_OSXARM64>true</Cfg_2_OSXARM64>
        <CfgParent>Cfg_2</CfgParent>
        <Cfg_2>true</Cfg_2>
        <Base>true</Base>
    </PropertyGroup>
    <PropertyGroup Condition="('$(Platform)'=='Win32' and '$(Cfg_2)'=='true') or '$(Cfg_2_Win32)'!=''">
        <Cfg_2_Win32>true</Cfg_2_Win32>
        <CfgParent>Cfg_2</CfgParent>
        <Cfg_2>true</Cfg_2>
        <Base>true</Base>
    </PropertyGroup>
    <PropertyGroup Condition="('$(Platform)'=='Win64' and '$(Cfg_2)'=='true') or '$(Cfg_2_Win64)'!=''">
        <Cfg_2_Win64>true</Cfg_2_Win64>
        <CfgParent>Cfg_2</CfgParent>
        <Cfg_2>true</Cfg_2>
        <Base>true</Base>
    </PropertyGroup>
    <PropertyGroup Condition="'$(Base)'!=''">
        <DCC_OutputNeverBuildDcps>true</DCC_OutputNeverBuildDcps>
        <DCC_UnitSearchPath>..\..\;$(DCC_UnitSearchPath)</DCC_UnitSearchPath>
        <DCC_CBuilderOutput>All</DCC_CBuilderOutput>
        <DCC_ImageBase>00400000</DCC_ImageBase>
        <DllSuffix>290</DllSuffix>
        <GenPackage>true</GenPackage>
        <DCC_Description>Indy 11 Protocols</DCC_Description>
        <DCC_Namespace>System;Xml;Data;Datasnap;Web;Soap;$(DCC_Namespace)</DCC_Namespace>
        <RuntimeOnlyPackage>true</RuntimeOnlyPackage>
        <DCC_N>false</DCC_N>
        <DCC_S>false</DCC_S>
        <GenDll>true</GenDll>
        <DCC_E>false</DCC_E>
        <DCC_F>false</DCC_F>
        <DCC_K>false</DCC_K>
        <SanitizedProjectName>IndyProtocols</SanitizedProjectName>
    </PropertyGroup>
    <PropertyGroup Condition="'$(Base_Android)'!=''">
        <VerInfo_Keys>package=com.embarcadero.$(MSBuildProjectName);label=$(MSBuildProjectName);versionCode=1;versionName=1.0.0;persistent=False;restoreAnyVersion=False;installLocation=auto;largeHeap=False;theme=TitleBar;hardwareAccelerated=true;apiKey=</VerInfo_Keys>
        <BT_BuildType>Debug</BT_BuildType>
        <Android_LauncherIcon192>$(BDS)\bin\Artwork\Android\FM_LauncherIcon_192x192.png</Android_LauncherIcon192>
        <EnabledSysJars>activity-1.7.2.dex.jar;annotation-experimental-1.3.0.dex.jar;annotation-jvm-1.6.0.dex.jar;annotations-13.0.dex.jar;appcompat-1.2.0.dex.jar;appcompat-resources-1.2.0.dex.jar;billing-6.0.1.dex.jar;biometric-1.1.0.dex.jar;browser-1.4.0.dex.jar;cloud-messaging.dex.jar;collection-1.1.0.dex.jar;concurrent-futures-1.1.0.dex.jar;core-1.10.1.dex.jar;core-common-2.2.0.dex.jar;core-ktx-1.10.1.dex.jar;core-runtime-2.2.0.dex.jar;cursoradapter-1.0.0.dex.jar;customview-1.0.0.dex.jar;documentfile-1.0.0.dex.jar;drawerlayout-1.0.0.dex.jar;error_prone_annotations-2.9.0.dex.jar;exifinterface-1.3.6.dex.jar;firebase-annotations-16.2.0.dex.jar;firebase-common-20.3.1.dex.jar;firebase-components-17.1.0.dex.jar;firebase-datatransport-18.1.7.dex.jar;firebase-encoders-17.0.0.dex.jar;firebase-encoders-json-18.0.0.dex.jar;firebase-encoders-proto-16.0.0.dex.jar;firebase-iid-interop-17.1.0.dex.jar;firebase-installations-17.1.3.dex.jar;firebase-installations-interop-17.1.0.dex.jar;firebase-measurement-connector-19.0.0.dex.jar;firebase-messaging-23.1.2.dex.jar;fmx.dex.jar;fragment-1.2.5.dex.jar;google-play-licensing.dex.jar;interpolator-1.0.0.dex.jar;javax.inject-1.dex.jar;kotlin-stdlib-1.8.22.dex.jar;kotlin-stdlib-common-1.8.22.dex.jar;kotlin-stdlib-jdk7-1.8.22.dex.jar;kotlin-stdlib-jdk8-1.8.22.dex.jar;kotlinx-coroutines-android-1.6.4.dex.jar;kotlinx-coroutines-core-jvm-1.6.4.dex.jar;legacy-support-core-utils-1.0.0.dex.jar;lifecycle-common-2.6.1.dex.jar;lifecycle-livedata-2.6.1.dex.jar;lifecycle-livedata-core-2.6.1.dex.jar;lifecycle-runtime-2.6.1.dex.jar;lifecycle-service-2.6.1.dex.jar;lifecycle-viewmodel-2.6.1.dex.jar;lifecycle-viewmodel-savedstate-2.6.1.dex.jar;listenablefuture-1.0.dex.jar;loader-1.0.0.dex.jar;localbroadcastmanager-1.0.0.dex.jar;okio-jvm-3.4.0.dex.jar;play-services-ads-22.2.0.dex.jar;play-services-ads-base-22.2.0.dex.jar;play-services-ads-identifier-18.0.0.dex.jar;play-services-ads-lite-22.2.0.dex.jar;play-services-appset-16.0.1.dex.jar;play-services-base-18.1.0.dex.jar;play-services-basement-18.1.0.dex.jar;play-services-cloud-messaging-17.0.1.dex.jar;play-services-location-21.0.1.dex.jar;play-services-maps-18.1.0.dex.jar;play-services-measurement-base-20.1.2.dex.jar;play-services-measurement-sdk-api-20.1.2.dex.jar;play-services-stats-17.0.2.dex.jar;play-services-tasks-18.0.2.dex.jar;print-1.0.0.dex.jar;profileinstaller-1.3.0.dex.jar;room-common-2.2.5.dex.jar;room-runtime-2.2.5.dex.jar;savedstate-1.2.1.dex.jar;sqlite-2.1.0.dex.jar;sqlite-framework-2.1.0.dex.jar;startup-runtime-1.1.1.dex.jar;tracing-1.0.0.dex.jar;transport-api-3.0.0.dex.jar;transport-backend-cct-3.1.8.dex.jar;transport-runtime-3.1.8.dex.jar;user-messaging-platform-2.0.0.dex.jar;vectordrawable-1.1.0.dex.jar;vectordrawable-animated-1.1.0.dex.jar;versionedparcelable-1.1.1.dex.jar;viewpager-1.0.0.dex.jar;work-runtime-2.7.0.dex.jar</EnabledSysJars>
    </PropertyGroup>
    <PropertyGroup Condition="'$(Base_Android64)'!=''">
        <Android_LauncherIcon192>$(BDS)\bin\Artwork\Android\FM_LauncherIcon_192x192.png</Android_LauncherIcon192>
        <VerInfo_Keys>package=com.embarcadero.$(MSBuildProjectName);label=$(MSBuildProjectName);versionCode=1;versionName=1.0.0;persistent=False;restoreAnyVersion=False;installLocation=auto;largeHeap=False;theme=TitleBar;hardwareAccelerated=true;apiKey=</VerInfo_Keys>
        <BT_BuildType>Debug</BT_BuildType>
        <EnabledSysJars>activity-1.7.2.dex.jar;annotation-experimental-1.3.0.dex.jar;annotation-jvm-1.6.0.dex.jar;annotations-13.0.dex.jar;appcompat-1.2.0.dex.jar;appcompat-resources-1.2.0.dex.jar;billing-6.0.1.dex.jar;biometric-1.1.0.dex.jar;browser-1.4.0.dex.jar;cloud-messaging.dex.jar;collection-1.1.0.dex.jar;concurrent-futures-1.1.0.dex.jar;core-1.10.1.dex.jar;core-common-2.2.0.dex.jar;core-ktx-1.10.1.dex.jar;core-runtime-2.2.0.dex.jar;cursoradapter-1.0.0.dex.jar;customview-1.0.0.dex.jar;documentfile-1.0.0.dex.jar;drawerlayout-1.0.0.dex.jar;error_prone_annotations-2.9.0.dex.jar;exifinterface-1.3.6.dex.jar;firebase-annotations-16.2.0.dex.jar;firebase-common-20.3.1.dex.jar;firebase-components-17.1.0.dex.jar;firebase-datatransport-18.1.7.dex.jar;firebase-encoders-17.0.0.dex.jar;firebase-encoders-json-18.0.0.dex.jar;firebase-encoders-proto-16.0.0.dex.jar;firebase-iid-interop-17.1.0.dex.jar;firebase-installations-17.1.3.dex.jar;firebase-installations-interop-17.1.0.dex.jar;firebase-measurement-connector-19.0.0.dex.jar;firebase-messaging-23.1.2.dex.jar;fmx.dex.jar;fragment-1.2.5.dex.jar;google-play-licensing.dex.jar;interpolator-1.0.0.dex.jar;javax.inject-1.dex.jar;kotlin-stdlib-1.8.22.dex.jar;kotlin-stdlib-common-1.8.22.dex.jar;kotlin-stdlib-jdk7-1.8.22.dex.jar;kotlin-stdlib-jdk8-1.8.22.dex.jar;kotlinx-coroutines-android-1.6.4.dex.jar;kotlinx-coroutines-core-jvm-1.6.4.dex.jar;legacy-support-core-utils-1.0.0.dex.jar;lifecycle-common-2.6.1.dex.jar;lifecycle-livedata-2.6.1.dex.jar;lifecycle-livedata-core-2.6.1.dex.jar;lifecycle-runtime-2.6.1.dex.jar;lifecycle-service-2.6.1.dex.jar;lifecycle-viewmodel-2.6.1.dex.jar;lifecycle-viewmodel-savedstate-2.6.1.dex.jar;listenablefuture-1.0.dex.jar;loader-1.0.0.dex.jar;localbroadcastmanager-1.0.0.dex.jar;okio-jvm-3.4.0.dex.jar;play-services-ads-22.2.0.dex.jar;play-services-ads-base-22.2.0.dex.jar;play-services-ads-identifier-18.0.0.dex.jar;play-services-ads-lite-22.2.0.dex.jar;play-services-appset-16.0.1.dex.jar;play-services-base-18.1.0.dex.jar;play-services-basement-18.1.0.dex.jar;play-services-cloud-messaging-17.0.1.dex.jar;play-services-location-21.0.1.dex.jar;play-services-maps-18.1.0.dex.jar;play-services-measurement-base-20.1.2.dex.jar;play-services-measurement-sdk-api-20.1.2.dex.jar;play-services-stats-17.0.2.dex.jar;play-services-tasks-18.0.2.dex.jar;print-1.0.0.dex.jar;profileinstaller-1.3.0.dex.jar;room-common-2.2.5.dex.jar;room-runtime-2.2.5.dex.jar;savedstate-1.2.1.dex.jar;sqlite-2.1.0.dex.jar;sqlite-framework-2.1.0.dex.jar;startup-runtime-1.1.1.dex.jar;tracing-1.0.0.dex.jar;transport-api-3.0.0.dex.jar;transport-backend-cct-3.1.8.dex.jar;transport-runtime-3.1.8.dex.jar;user-messaging-platform-2.0.0.dex.jar;vectordrawable-1.1.0.dex.jar;vectordrawable-animated-1.1.0.dex.jar;versionedparcelable-1.1.1.dex.jar;viewpager-1.0.0.dex.jar;work-runtime-2.7.0.dex.jar</EnabledSysJars>
    </PropertyGroup>
    <PropertyGroup Condition="'$(Base_iOSDevice64)'!=''">
        <iOS_AppStore1024>$(BDS)\bin\Artwork\iOS\iPhone\FM_ApplicationIcon_1024x1024.png</iOS_AppStore1024>
        <VerInfo_Keys>CFBundleName=$(MSBuildProjectName);CFBundleDevelopmentRegion=en;CFBundleDisplayName=$(MSBuildProjectName);CFBundleIdentifier=$(MSBuildProjectName);CFBundleInfoDictionaryVersion=7.1;CFBundleVersion=1.0.0;CFBundleShortVersionString=1.0.0;CFBundlePackageType=APPL;CFBundleSignature=????;LSRequiresIPhoneOS=true;CFBundleAllowMixedLocalizations=YES;CFBundleExecutable=$(MSBuildProjectName);UIDeviceFamily=iPhone &amp; iPad;NSLocationAlwaysUsageDescription=The reason for accessing the location information of the user;NSLocationWhenInUseUsageDescription=The reason for accessing the location information of the user;NSLocationAlwaysAndWhenInUseUsageDescription=The reason for accessing the location information of the user;UIBackgroundModes=;NSContactsUsageDescription=The reason for accessing the contacts;NSPhotoLibraryUsageDescription=The reason for accessing the photo library;NSPhotoLibraryAddUsageDescription=The reason for adding to the photo library;NSCameraUsageDescription=The reason for accessing the camera;NSFaceIDUsageDescription=The reason for accessing the face id;NSMicrophoneUsageDescription=The reason for accessing the microphone;NSSiriUsageDescription=The reason for accessing Siri;ITSAppUsesNonExemptEncryption=false;NSBluetoothAlwaysUsageDescription=The reason for accessing bluetooth;NSBluetoothPeripheralUsageDescription=The reason for accessing bluetooth peripherals;NSCalendarsUsageDescription=The reason for accessing the calendar data;NSRemindersUsageDescription=The reason for accessing the reminders;NSMotionUsageDescription=The reason for accessing the accelerometer;NSSpeechRecognitionUsageDescription=The reason for requesting to send user data to Apple&apos;s speech recognition servers</VerInfo_Keys>
        <VerInfo_UIDeviceFamily>iPhoneAndiPad</VerInfo_UIDeviceFamily>
        <VerInfo_IncludeVerInfo>true</VerInfo_IncludeVerInfo>
        <BT_BuildType>Debug</BT_BuildType>
        <VerInfo_BundleId>$(MSBuildProjectName)</VerInfo_BundleId>
    </PropertyGroup>
    <PropertyGroup Condition="'$(Base_iOSSimARM64)'!=''">
        <VerInfo_Keys>CFBundleName=$(MSBuildProjectName);CFBundleDevelopmentRegion=en;CFBundleDisplayName=$(MSBuildProjectName);CFBundleIdentifier=$(MSBuildProjectName);CFBundleInfoDictionaryVersion=7.1;CFBundleVersion=1.0.0;CFBundleShortVersionString=1.0.0;CFBundlePackageType=APPL;CFBundleSignature=????;LSRequiresIPhoneOS=true;CFBundleAllowMixedLocalizations=YES;CFBundleExecutable=$(MSBuildProjectName);UIDeviceFamily=iPhone &amp; iPad;NSLocationAlwaysUsageDescription=The reason for accessing the location information of the user;NSLocationWhenInUseUsageDescription=The reason for accessing the location information of the user;NSLocationAlwaysAndWhenInUseUsageDescription=The reason for accessing the location information of the user;UIBackgroundModes=;NSContactsUsageDescription=The reason for accessing the contacts;NSPhotoLibraryUsageDescription=The reason for accessing the photo library;NSPhotoLibraryAddUsageDescription=The reason for adding to the photo library;NSCameraUsageDescription=The reason for accessing the camera;NSFaceIDUsageDescription=The reason for accessing the face id;NSMicrophoneUsageDescription=The reason for accessing the microphone;NSSiriUsageDescription=The reason for accessing Siri;ITSAppUsesNonExemptEncryption=false;NSBluetoothAlwaysUsageDescription=The reason for accessing bluetooth;NSBluetoothPeripheralUsageDescription=The reason for accessing bluetooth peripherals;NSCalendarsUsageDescription=The reason for accessing the calendar data;NSRemindersUsageDescription=The reason for accessing the reminders;NSMotionUsageDescription=The reason for accessing the accelerometer;NSSpeechRecognitionUsageDescription=The reason for requesting to send user data to Apple&apos;s speech recognition servers</VerInfo_Keys>
        <VerInfo_UIDeviceFamily>iPhoneAndiPad</VerInfo_UIDeviceFamily>
        <VerInfo_IncludeVerInfo>true</VerInfo_IncludeVerInfo>
    </PropertyGroup>
    <PropertyGroup Condition="'$(Base_OSX64)'!=''">
        <VerInfo_Keys>CFBundleName=$(MSBuildProjectName);CFBundleDisplayName=$(MSBuildProjectName);CFBundleIdentifier=$(MSBuildProjectName);CFBundleVersion=1.0.0;CFBundleShortVersionString=1.0.0;CFBundlePackageType=APPL;CFBundleSignature=????;CFBundleAllowMixedLocalizations=YES;CFBundleExecutable=$(MSBuildProjectName);NSHighResolutionCapable=true;LSApplicationCategoryType=public.app-category.utilities;NSLocationUsageDescription=The reason for accessing the location information of the user;NSContactsUsageDescription=The reason for accessing the contacts;NSCalendarsUsageDescription=The reason for accessing the calendar data;NSRemindersUsageDescription=The reason for accessing the reminders;NSCameraUsageDescription=The reason for accessing the camera;NSMicrophoneUsageDescription=The reason for accessing the microphone;NSMotionUsageDescription=The reason for accessing the accelerometer;NSDesktopFolderUsageDescription=The reason for accessing the Desktop folder;NSDocumentsFolderUsageDescription=The reason for accessing the Documents folder;NSDownloadsFolderUsageDescription=The reason for accessing the Downloads folder;NSNetworkVolumesUsageDescription=The reason for accessing files on a network volume;NSRemovableVolumesUsageDescription=The reason for accessing files on a removable volume;NSSpeechRecognitionUsageDescription=The reason for requesting to send user data to Apple&apos;s speech recognition servers;ITSAppUsesNonExemptEncryption=false;NSBluetoothAlwaysUsageDescription=The reason for accessing the Bluetooth interface</VerInfo_Keys>
        <BT_BuildType>Debug</BT_BuildType>
    </PropertyGroup>
    <PropertyGroup Condition="'$(Base_OSXARM64)'!=''">
        <VerInfo_Keys>CFBundleName=$(MSBuildProjectName);CFBundleDisplayName=$(MSBuildProjectName);CFBundleIdentifier=$(MSBuildProjectName);CFBundleVersion=1.0.0;CFBundleShortVersionString=1.0.0;CFBundlePackageType=APPL;CFBundleSignature=????;CFBundleAllowMixedLocalizations=YES;CFBundleExecutable=$(MSBuildProjectName);NSHighResolutionCapable=true;LSApplicationCategoryType=public.app-category.utilities;NSLocationUsageDescription=The reason for accessing the location information of the user;NSContactsUsageDescription=The reason for accessing the contacts;NSCalendarsUsageDescription=The reason for accessing the calendar data;NSRemindersUsageDescription=The reason for accessing the reminders;NSCameraUsageDescription=The reason for accessing the camera;NSMicrophoneUsageDescription=The reason for accessing the microphone;NSMotionUsageDescription=The reason for accessing the accelerometer;NSDesktopFolderUsageDescription=The reason for accessing the Desktop folder;NSDocumentsFolderUsageDescription=The reason for accessing the Documents folder;NSDownloadsFolderUsageDescription=The reason for accessing the Downloads folder;NSNetworkVolumesUsageDescription=The reason for accessing files on a network volume;NSRemovableVolumesUsageDescription=The reason for accessing files on a removable volume;NSSpeechRecognitionUsageDescription=The reason for requesting to send user data to Apple&apos;s speech recognition servers;ITSAppUsesNonExemptEncryption=false;NSBluetoothAlwaysUsageDescription=The reason for accessing the Bluetooth interface</VerInfo_Keys>
        <BT_BuildType>Debug</BT_BuildType>
    </PropertyGroup>
    <PropertyGroup Condition="'$(Base_Win32)'!=''">
        <DCC_CBuilderOutput>All</DCC_CBuilderOutput>
        <DCC_Namespace>Winapi;System.Win;Data.Win;Datasnap.Win;Web.Win;Soap.Win;Xml.Win;Bde;$(DCC_Namespace)</DCC_Namespace>
    </PropertyGroup>
    <PropertyGroup Condition="'$(Base_Win64)'!=''">
        <DCC_Namespace>Winapi;System.Win;Data.Win;Datasnap.Win;Web.Win;Soap.Win;Xml.Win;$(DCC_Namespace)</DCC_Namespace>
    </PropertyGroup>
    <PropertyGroup Condition="'$(Base_Win64x)'!=''">
        <DCC_Namespace>Winapi;System.Win;Data.Win;Datasnap.Win;Web.Win;Soap.Win;Xml.Win;$(DCC_Namespace)</DCC_Namespace>
        <BT_BuildType>Debug</BT_BuildType>
        <VerInfo_IncludeVerInfo>true</VerInfo_IncludeVerInfo>
        <VerInfo_Keys>CompanyName=;FileDescription=$(MSBuildProjectName);FileVersion=1.0.0.0;InternalName=;LegalCopyright=;LegalTrademarks=;OriginalFilename=;ProgramID=com.embarcadero.$(MSBuildProjectName);ProductName=$(MSBuildProjectName);ProductVersion=1.0.0.0;Comments=</VerInfo_Keys>
        <VerInfo_Locale>1033</VerInfo_Locale>
    </PropertyGroup>
    <PropertyGroup Condition="'$(Cfg_1)'!=''">
        <DCC_LocalDebugSymbols>false</DCC_LocalDebugSymbols>
        <DCC_DebugInformation>0</DCC_DebugInformation>
        <DCC_SymbolReferenceInfo>0</DCC_SymbolReferenceInfo>
        <DCC_Define>RELEASE;$(DCC_Define)</DCC_Define>
    </PropertyGroup>
    <PropertyGroup Condition="'$(Cfg_2)'!=''">
        <DCC_Define>DEBUG;$(DCC_Define)</DCC_Define>
        <DCC_Optimize>false</DCC_Optimize>
        <DCC_GenerateStackFrames>true</DCC_GenerateStackFrames>
    </PropertyGroup>
    <PropertyGroup Condition="'$(Cfg_2_iOSDevice64)'!=''">
        <DCC_RemoteDebug>true</DCC_RemoteDebug>
    </PropertyGroup>
    <PropertyGroup Condition="'$(Cfg_2_iOSSimARM64)'!=''">
        <DCC_RemoteDebug>true</DCC_RemoteDebug>
    </PropertyGroup>
    <PropertyGroup Condition="'$(Cfg_2_OSX64)'!=''">
        <DCC_RemoteDebug>true</DCC_RemoteDebug>
    </PropertyGroup>
    <PropertyGroup Condition="'$(Cfg_2_OSXARM64)'!=''">
        <DCC_RemoteDebug>true</DCC_RemoteDebug>
    </PropertyGroup>
    <PropertyGroup Condition="'$(Cfg_2_Win32)'!=''">
        <DCC_CBuilderOutput>All</DCC_CBuilderOutput>
    </PropertyGroup>
    <PropertyGroup Condition="'$(Cfg_2_Win64)'!=''">
        <DCC_CBuilderOutput>All</DCC_CBuilderOutput>
    </PropertyGroup>
    <ItemGroup>
        <DelphiCompile Include="$(MainSource)">
            <MainSource>MainSource</MainSource>
        </DelphiCompile>
        <DCCReference Include="rtl.dcp"/>
        <DCCReference Include="IndySystem.dcp"/>
        <DCCReference Include="IndyCore.dcp"/>
        <DCCReference Include="..\..\Protocols\IdASN1Util.pas"/>
        <DCCReference Include="..\..\Protocols\IdAllAuthentications.pas"/>
        <DCCReference Include="..\..\Protocols\IdAllFTPListParsers.pas"/>
        <DCCReference Include="..\..\Protocols\IdAllHeaderCoders.pas"/>
        <DCCReference Include="..\..\Protocols\IdAttachment.pas"/>
        <DCCReference Include="..\..\Protocols\IdAttachmentFile.pas"/>
        <DCCReference Include="..\..\Protocols\IdAttachmentMemory.pas"/>
        <DCCReference Include="..\..\Protocols\IdAuthentication.pas"/>
        <DCCReference Include="..\..\Protocols\IdAuthenticationDigest.pas"/>
        <DCCReference Include="..\..\Protocols\IdAuthenticationManager.pas"/>
        <DCCReference Include="..\..\Protocols\IdAuthenticationNTLM.pas"/>
        <DCCReference Include="..\..\Protocols\IdAuthenticationSSPI.pas"/>
        <DCCReference Include="..\..\Protocols\IdBlockCipherIntercept.pas"/>
        <DCCReference Include="..\..\Protocols\IdChargenServer.pas"/>
        <DCCReference Include="..\..\Protocols\IdChargenUDPServer.pas"/>
        <DCCReference Include="..\..\Protocols\IdCharsets.pas"/>
        <DCCReference Include="..\..\Protocols\IdCoder.pas"/>
        <DCCReference Include="..\..\Protocols\IdCoder00E.pas"/>
        <DCCReference Include="..\..\Protocols\IdCoder3to4.pas"/>
        <DCCReference Include="..\..\Protocols\IdCoderBinHex4.pas"/>
        <DCCReference Include="..\..\Protocols\IdCoderHeader.pas"/>
        <DCCReference Include="..\..\Protocols\IdCoderMIME.pas"/>
        <DCCReference Include="..\..\Protocols\IdCoderQuotedPrintable.pas"/>
        <DCCReference Include="..\..\Protocols\IdCoderUUE.pas"/>
        <DCCReference Include="..\..\Protocols\IdCoderXXE.pas"/>
        <DCCReference Include="..\..\Protocols\IdCompressionIntercept.pas"/>
        <DCCReference Include="..\..\Protocols\IdCompressorZLib.pas"/>
        <DCCReference Include="..\..\Protocols\IdConnectThroughHttpProxy.pas"/>
        <DCCReference Include="..\..\Protocols\IdContainers.pas"/>
        <DCCReference Include="..\..\Protocols\IdCookie.pas"/>
        <DCCReference Include="..\..\Protocols\IdCookieManager.pas"/>
        <DCCReference Include="..\..\Protocols\IdCustomHTTPServer.pas"/>
        <DCCReference Include="..\..\Protocols\IdDICT.pas"/>
        <DCCReference Include="..\..\Protocols\IdDICTCommon.pas"/>
        <DCCReference Include="..\..\Protocols\IdDICTServer.pas"/>
        <DCCReference Include="..\..\Protocols\IdDNSCommon.pas"/>
        <DCCReference Include="..\..\Protocols\IdDNSResolver.pas"/>
        <DCCReference Include="..\..\Protocols\IdDNSServer.pas"/>
        <DCCReference Include="..\..\Protocols\IdDateTimeStamp.pas"/>
        <DCCReference Include="..\..\Protocols\IdDayTime.pas"/>
        <DCCReference Include="..\..\Protocols\IdDayTimeServer.pas"/>
        <DCCReference Include="..\..\Protocols\IdDayTimeUDP.pas"/>
        <DCCReference Include="..\..\Protocols\IdDayTimeUDPServer.pas"/>
        <DCCReference Include="..\..\Protocols\IdDiscardServer.pas"/>
        <DCCReference Include="..\..\Protocols\IdDiscardUDPServer.pas"/>
        <DCCReference Include="..\..\Protocols\IdEMailAddress.pas"/>
        <DCCReference Include="..\..\Protocols\IdEcho.pas"/>
        <DCCReference Include="..\..\Protocols\IdEchoServer.pas"/>
        <DCCReference Include="..\..\Protocols\IdEchoUDP.pas"/>
        <DCCReference Include="..\..\Protocols\IdEchoUDPServer.pas"/>
        <DCCReference Include="..\..\Protocols\IdExplicitTLSClientServerBase.pas"/>
        <DCCReference Include="..\..\Protocols\IdFIPS.pas"/>
        <DCCReference Include="..\..\Protocols\IdFSP.pas"/>
        <DCCReference Include="..\..\Protocols\IdFTP.pas"/>
        <DCCReference Include="..\..\Protocols\IdFTPBaseFileSystem.pas"/>
        <DCCReference Include="..\..\Protocols\IdFTPCommon.pas"/>
        <DCCReference Include="..\..\Protocols\IdFTPList.pas"/>
        <DCCReference Include="..\..\Protocols\IdFTPListOutput.pas"/>
        <DCCReference Include="..\..\Protocols\IdFTPListParseAS400.pas"/>
        <DCCReference Include="..\..\Protocols\IdFTPListParseBase.pas"/>
        <DCCReference Include="..\..\Protocols\IdFTPListParseBullGCOS7.pas"/>
        <DCCReference Include="..\..\Protocols\IdFTPListParseBullGCOS8.pas"/>
        <DCCReference Include="..\..\Protocols\IdFTPListParseChameleonNewt.pas"/>
        <DCCReference Include="..\..\Protocols\IdFTPListParseCiscoIOS.pas"/>
        <DCCReference Include="..\..\Protocols\IdFTPListParseDistinctTCPIP.pas"/>
        <DCCReference Include="..\..\Protocols\IdFTPListParseEPLF.pas"/>
        <DCCReference Include="..\..\Protocols\IdFTPListParseHellSoft.pas"/>
        <DCCReference Include="..\..\Protocols\IdFTPListParseIEFTPGateway.pas"/>
        <DCCReference Include="..\..\Protocols\IdFTPListParseKA9Q.pas"/>
        <DCCReference Include="..\..\Protocols\IdFTPListParseMPEiX.pas"/>
        <DCCReference Include="..\..\Protocols\IdFTPListParseMVS.pas"/>
        <DCCReference Include="..\..\Protocols\IdFTPListParseMicrowareOS9.pas"/>
        <DCCReference Include="..\..\Protocols\IdFTPListParseMusic.pas"/>
        <DCCReference Include="..\..\Protocols\IdFTPListParseNCSAForDOS.pas"/>
        <DCCReference Include="..\..\Protocols\IdFTPListParseNCSAForMACOS.pas"/>
        <DCCReference Include="..\..\Protocols\IdFTPListParseNovellNetware.pas"/>
        <DCCReference Include="..\..\Protocols\IdFTPListParseNovellNetwarePSU.pas"/>
        <DCCReference Include="..\..\Protocols\IdFTPListParseOS2.pas"/>
        <DCCReference Include="..\..\Protocols\IdFTPListParsePCNFSD.pas"/>
        <DCCReference Include="..\..\Protocols\IdFTPListParsePCTCP.pas"/>
        <DCCReference Include="..\..\Protocols\IdFTPListParseStercomOS390Exp.pas"/>
        <DCCReference Include="..\..\Protocols\IdFTPListParseStercomUnixEnt.pas"/>
        <DCCReference Include="..\..\Protocols\IdFTPListParseStratusVOS.pas"/>
        <DCCReference Include="..\..\Protocols\IdFTPListParseSuperTCP.pas"/>
        <DCCReference Include="..\..\Protocols\IdFTPListParseTOPS20.pas"/>
        <DCCReference Include="..\..\Protocols\IdFTPListParseTSXPlus.pas"/>
        <DCCReference Include="..\..\Protocols\IdFTPListParseTandemGuardian.pas"/>
        <DCCReference Include="..\..\Protocols\IdFTPListParseUnisysClearPath.pas"/>
        <DCCReference Include="..\..\Protocols\IdFTPListParseUnix.pas"/>
        <DCCReference Include="..\..\Protocols\IdFTPListParseVM.pas"/>
        <DCCReference Include="..\..\Protocols\IdFTPListParseVMS.pas"/>
        <DCCReference Include="..\..\Protocols\IdFTPListParseVSE.pas"/>
        <DCCReference Include="..\..\Protocols\IdFTPListParseVxWorks.pas"/>
        <DCCReference Include="..\..\Protocols\IdFTPListParseWfFTP.pas"/>
        <DCCReference Include="..\..\Protocols\IdFTPListParseWinQVTNET.pas"/>
        <DCCReference Include="..\..\Protocols\IdFTPListParseWindowsNT.pas"/>
        <DCCReference Include="..\..\Protocols\IdFTPListParseXecomMicroRTOS.pas"/>
        <DCCReference Include="..\..\Protocols\IdFTPListTypes.pas"/>
        <DCCReference Include="..\..\Protocols\IdFTPServer.pas"/>
        <DCCReference Include="..\..\Protocols\IdFTPServerContextBase.pas"/>
        <DCCReference Include="..\..\Protocols\IdFinger.pas"/>
        <DCCReference Include="..\..\Protocols\IdFingerServer.pas"/>
        <DCCReference Include="..\..\Protocols\IdGlobalProtocols.pas"/>
        <DCCReference Include="..\..\Protocols\IdGopher.pas"/>
        <DCCReference Include="..\..\Protocols\IdGopherConsts.pas"/>
        <DCCReference Include="..\..\Protocols\IdGopherServer.pas"/>
        <DCCReference Include="..\..\Protocols\IdHL7.pas"/>
        <DCCReference Include="..\..\Protocols\IdHMAC.pas"/>
        <DCCReference Include="..\..\Protocols\IdHMACMD5.pas"/>
        <DCCReference Include="..\..\Protocols\IdHMACSHA1.pas"/>
        <DCCReference Include="..\..\Protocols\IdHTTP.pas"/>
        <DCCReference Include="..\..\Protocols\IdHTTPHeaderInfo.pas"/>
        <DCCReference Include="..\..\Protocols\IdHTTPProxyServer.pas"/>
        <DCCReference Include="..\..\Protocols\IdHTTPServer.pas"/>
        <DCCReference Include="..\..\Protocols\IdHash.pas"/>
        <DCCReference Include="..\..\Protocols\IdHashCRC.pas"/>
        <DCCReference Include="..\..\Protocols\IdHashElf.pas"/>
        <DCCReference Include="..\..\Protocols\IdHashMessageDigest.pas"/>
        <DCCReference Include="..\..\Protocols\IdHashSHA.pas"/>
        <DCCReference Include="..\..\Protocols\IdHeaderCoder2022JP.pas"/>
        <DCCReference Include="..\..\Protocols\IdHeaderCoderBase.pas"/>
        <DCCReference Include="..\..\Protocols\IdHeaderCoderIndy.pas"/>
        <DCCReference Include="..\..\Protocols\IdHeaderCoderPlain.pas"/>
        <DCCReference Include="..\..\Protocols\IdHeaderList.pas"/>
        <DCCReference Include="..\..\Protocols\IdIMAP4.pas"/>
        <DCCReference Include="..\..\Protocols\IdIMAP4Server.pas"/>
        <DCCReference Include="..\..\Protocols\IdIPAddrMon.pas"/>
        <DCCReference Include="..\..\Protocols\IdIPWatch.pas"/>
        <DCCReference Include="..\..\Protocols\IdIRC.pas"/>
        <DCCReference Include="..\..\Protocols\IdIdent.pas"/>
        <DCCReference Include="..\..\Protocols\IdIdentServer.pas"/>
        <DCCReference Include="..\..\Protocols\IdIrcServer.pas"/>
        <DCCReference Include="..\..\Protocols\IdLPR.pas"/>
        <DCCReference Include="..\..\Protocols\IdMailBox.pas"/>
        <DCCReference Include="..\..\Protocols\IdMappedFTP.pas"/>
        <DCCReference Include="..\..\Protocols\IdMappedPOP3.pas"/>
        <DCCReference Include="..\..\Protocols\IdMappedPortTCP.pas"/>
        <DCCReference Include="..\..\Protocols\IdMappedPortUDP.pas"/>
        <DCCReference Include="..\..\Protocols\IdMappedTelnet.pas"/>
        <DCCReference Include="..\..\Protocols\IdMessage.pas"/>
        <DCCReference Include="..\..\Protocols\IdMessageBuilder.pas"/>
        <DCCReference Include="..\..\Protocols\IdMessageClient.pas"/>
        <DCCReference Include="..\..\Protocols\IdMessageCoder.pas"/>
        <DCCReference Include="..\..\Protocols\IdMessageCoderBinHex4.pas"/>
        <DCCReference Include="..\..\Protocols\IdMessageCoderMIME.pas"/>
        <DCCReference Include="..\..\Protocols\IdMessageCoderQuotedPrintable.pas"/>
        <DCCReference Include="..\..\Protocols\IdMessageCoderUUE.pas"/>
        <DCCReference Include="..\..\Protocols\IdMessageCoderXXE.pas"/>
        <DCCReference Include="..\..\Protocols\IdMessageCoderYenc.pas"/>
        <DCCReference Include="..\..\Protocols\IdMessageCollection.pas"/>
        <DCCReference Include="..\..\Protocols\IdMessageHelper.pas"/>
        <DCCReference Include="..\..\Protocols\IdMessageParts.pas"/>
        <DCCReference Include="..\..\Protocols\IdMultipartFormData.pas"/>
        <DCCReference Include="..\..\Protocols\IdNNTP.pas"/>
        <DCCReference Include="..\..\Protocols\IdNNTPServer.pas"/>
        <DCCReference Include="..\..\Protocols\IdNTLM.pas"/>
        <DCCReference Include="..\..\Protocols\IdNetworkCalculator.pas"/>
        <DCCReference Include="..\..\Protocols\IdOSFileName.pas"/>
        <DCCReference Include="..\..\Protocols\IdOTPCalculator.pas"/>
        <DCCReference Include="..\..\Protocols\IdPOP3.pas"/>
        <DCCReference Include="..\..\Protocols\IdPOP3Server.pas"/>
        <DCCReference Include="..\..\Protocols\IdQOTDUDP.pas"/>
        <DCCReference Include="..\..\Protocols\IdQOTDUDPServer.pas"/>
        <DCCReference Include="..\..\Protocols\IdQotd.pas"/>
        <DCCReference Include="..\..\Protocols\IdQotdServer.pas"/>
        <DCCReference Include="..\..\Protocols\IdRSH.pas"/>
        <DCCReference Include="..\..\Protocols\IdRSHServer.pas"/>
        <DCCReference Include="..\..\Protocols\IdRemoteCMDClient.pas"/>
        <DCCReference Include="..\..\Protocols\IdRemoteCMDServer.pas"/>
        <DCCReference Include="..\..\Protocols\IdReplyFTP.pas"/>
        <DCCReference Include="..\..\Protocols\IdReplyIMAP4.pas"/>
        <DCCReference Include="..\..\Protocols\IdReplyPOP3.pas"/>
        <DCCReference Include="..\..\Protocols\IdReplySMTP.pas"/>
        <DCCReference Include="..\..\Protocols\IdResourceStringsOpenSSL.pas"/>
        <DCCReference Include="..\..\Protocols\IdResourceStringsProtocols.pas"/>
        <DCCReference Include="..\..\Protocols\IdResourceStringsSSPI.pas"/>
        <DCCReference Include="..\..\Protocols\IdResourceStringsUriUtils.pas"/>
        <DCCReference Include="..\..\Protocols\IdRexec.pas"/>
        <DCCReference Include="..\..\Protocols\IdRexecServer.pas"/>
        <DCCReference Include="..\..\Protocols\IdSASL.pas"/>
        <DCCReference Include="..\..\Protocols\IdSASLAnonymous.pas"/>
        <DCCReference Include="..\..\Protocols\IdSASLCollection.pas"/>
        <DCCReference Include="..\..\Protocols\IdSASLDigest.pas"/>
        <DCCReference Include="..\..\Protocols\IdSASLExternal.pas"/>
        <DCCReference Include="..\..\Protocols\IdSASLLogin.pas"/>
        <DCCReference Include="..\..\Protocols\IdSASLOTP.pas"/>
        <DCCReference Include="..\..\Protocols\IdSASLPlain.pas"/>
        <DCCReference Include="..\..\Protocols\IdSASLSKey.pas"/>
        <DCCReference Include="..\..\Protocols\IdSASLUserPass.pas"/>
        <DCCReference Include="..\..\Protocols\IdSASL_CRAMBase.pas"/>
        <DCCReference Include="..\..\Protocols\IdSASL_CRAM_MD5.pas"/>
        <DCCReference Include="..\..\Protocols\IdSASL_CRAM_SHA1.pas"/>
        <DCCReference Include="..\..\Protocols\IdSMTP.pas"/>
        <DCCReference Include="..\..\Protocols\IdSMTPBase.pas"/>
        <DCCReference Include="..\..\Protocols\IdSMTPRelay.pas"/>
        <DCCReference Include="..\..\Protocols\IdSMTPServer.pas"/>
        <DCCReference Include="..\..\Protocols\IdSNMP.pas"/>
        <DCCReference Include="..\..\Protocols\IdSNPP.pas"/>
        <DCCReference Include="..\..\Protocols\IdSNTP.pas"/>
        <DCCReference Include="..\..\Protocols\IdSSL.pas"/>
        <DCCReference Include="..\..\Protocols\IdSSLOpenSSL.pas"/>
        <DCCReference Include="..\..\Protocols\IdSSLOpenSSLHeaders.pas"/>
        <DCCReference Include="..\..\Protocols\IdSSPI.pas"/>
        <DCCReference Include="..\..\Protocols\IdServerInterceptLogBase.pas"/>
        <DCCReference Include="..\..\Protocols\IdServerInterceptLogEvent.pas"/>
        <DCCReference Include="..\..\Protocols\IdServerInterceptLogFile.pas"/>
        <DCCReference Include="..\..\Protocols\IdSocksServer.pas"/>
        <DCCReference Include="..\..\Protocols\IdStrings.pas"/>
        <DCCReference Include="..\..\Protocols\IdSysLog.pas"/>
        <DCCReference Include="..\..\Protocols\IdSysLogMessage.pas"/>
        <DCCReference Include="..\..\Protocols\IdSysLogServer.pas"/>
        <DCCReference Include="..\..\Protocols\IdSystat.pas"/>
        <DCCReference Include="..\..\Protocols\IdSystatServer.pas"/>
        <DCCReference Include="..\..\Protocols\IdSystatUDP.pas"/>
        <DCCReference Include="..\..\Protocols\IdSystatUDPServer.pas"/>
        <DCCReference Include="..\..\Protocols\IdTelnet.pas"/>
        <DCCReference Include="..\..\Protocols\IdTelnetServer.pas"/>
        <DCCReference Include="..\..\Protocols\IdText.pas"/>
        <DCCReference Include="..\..\Protocols\IdTime.pas"/>
        <DCCReference Include="..\..\Protocols\IdTimeServer.pas"/>
        <DCCReference Include="..\..\Protocols\IdTimeUDP.pas"/>
        <DCCReference Include="..\..\Protocols\IdTimeUDPServer.pas"/>
        <DCCReference Include="..\..\Protocols\IdTrivialFTP.pas"/>
        <DCCReference Include="..\..\Protocols\IdTrivialFTPBase.pas"/>
        <DCCReference Include="..\..\Protocols\IdTrivialFTPServer.pas"/>
        <DCCReference Include="..\..\Protocols\IdURI.pas"/>
        <DCCReference Include="..\..\Protocols\IdUnixTime.pas"/>
        <DCCReference Include="..\..\Protocols\IdUnixTimeServer.pas"/>
        <DCCReference Include="..\..\Protocols\IdUnixTimeUDP.pas"/>
        <DCCReference Include="..\..\Protocols\IdUnixTimeUDPServer.pas"/>
        <DCCReference Include="..\..\Protocols\IdUriUtils.pas"/>
        <DCCReference Include="..\..\Protocols\IdUserAccounts.pas"/>
        <DCCReference Include="..\..\Protocols\IdUserPassProvider.pas"/>
        <DCCReference Include="..\..\Protocols\IdVCard.pas"/>
        <DCCReference Include="..\..\Protocols\IdWebDAV.pas"/>
        <DCCReference Include="..\..\Protocols\IdWhoIsServer.pas"/>
        <DCCReference Include="..\..\Protocols\IdWhois.pas"/>
        <DCCReference Include="..\..\Protocols\IdZLib.pas"/>
        <DCCReference Include="..\..\Protocols\IdZLibCompressorBase.pas"/>
        <DCCReference Include="..\..\Protocols\IdZLibConst.pas"/>
        <DCCReference Include="..\..\Protocols\IdZLibHeaders.pas"/>
        <BuildConfiguration Include="Base">
            <Key>Base</Key>
        </BuildConfiguration>
        <BuildConfiguration Include="Release">
            <Key>Cfg_1</Key>
            <CfgParent>Base</CfgParent>
        </BuildConfiguration>
        <BuildConfiguration Include="Debug">
            <Key>Cfg_2</Key>
            <CfgParent>Base</CfgParent>
        </BuildConfiguration>
    </ItemGroup>
    <ProjectExtensions>
        <Borland.Personality>Delphi.Personality.12</Borland.Personality>
        <Borland.ProjectType>Package</Borland.ProjectType>
        <BorlandProject>
            <Delphi.Personality>
                <Source>
                    <Source Name="MainSource">IndyProtocols.dpk</Source>
                </Source>
            </Delphi.Personality>
            <Platforms>
                <Platform value="Android">False</Platform>
                <Platform value="Android64">False</Platform>
                <Platform value="iOSDevice32">False</Platform>
                <Platform value="iOSDevice64">False</Platform>
                <Platform value="iOSSimARM64">False</Platform>
                <Platform value="iOSSimulator">False</Platform>
                <Platform value="Linux64">False</Platform>
                <Platform value="OSX64">False</Platform>
                <Platform value="OSXARM64">False</Platform>
                <Platform value="Win32">True</Platform>
                <Platform value="Win64">True</Platform>
                <Platform value="Win64x">False</Platform>
            </Platforms>
        </BorlandProject>
        <ProjectFileVersion>12</ProjectFileVersion>
    </ProjectExtensions>
    <Import Condition="Exists('$(BDS)\Bin\CodeGear.Delphi.Targets')" Project="$(BDS)\Bin\CodeGear.Delphi.Targets"/>
    <Import Condition="Exists('$(APPDATA)\Embarcadero\$(BDSAPPDATABASEDIR)\$(PRODUCTVERSION)\UserTools.proj')" Project="$(APPDATA)\Embarcadero\$(BDSAPPDATABASEDIR)\$(PRODUCTVERSION)\UserTools.proj"/>
</Project>
